
Microsoft Visual Studio Solution File, Format Version 12.00
# Visual Studio 2013
VisualStudioVersion = 12.0.31101.0
MinimumVisualStudioVersion = 10.0.40219.1
Project("{FAE04EC0-301F-11D3-BF4B-00C04F79EFBC}") = "TestGrid", "TestGrid\TestGrid\TestGrid.csproj", "{B2E8A37F-9FB1-44A5-99F0-B0BC0DADD05D}"
EndProject
Project("{FAE04EC0-301F-11D3-BF4B-00C04F79EFBC}") = "TestGrid.iOS", "TestGrid\TestGrid.iOS\TestGrid.iOS.csproj", "{11CCBCC8-0F5E-4550-817C-600B59352AB9}"
EndProject
Project("{FAE04EC0-301F-11D3-BF4B-00C04F79EFBC}") = "TestGrid.Droid", "TestGrid\TestGrid.Droid\TestGrid.Droid.csproj", "{B1DDFB33-934F-43CC-A9F1-65E0D6FF3EF4}"
EndProject
Project("{FAE04EC0-301F-11D3-BF4B-00C04F79EFBC}") = "TestGrid.WinPhone", "TestGrid\TestGrid.WinPhone\TestGrid.WinPhone.csproj", "{53079182-DD94-4DA9-B761-35ED64DC4287}"
EndProject
Global
	GlobalSection(SolutionConfigurationPlatforms) = preSolution
		Ad-Hoc|Any CPU = Ad-Hoc|Any CPU
		Ad-Hoc|ARM = Ad-Hoc|ARM
		Ad-Hoc|iPhone = Ad-Hoc|iPhone
		Ad-Hoc|iPhoneSimulator = Ad-Hoc|iPhoneSimulator
		Ad-Hoc|Mixed Platforms = Ad-Hoc|Mixed Platforms
		Ad-Hoc|x86 = Ad-Hoc|x86
		AppStore|Any CPU = AppStore|Any CPU
		AppStore|ARM = AppStore|ARM
		AppStore|iPhone = AppStore|iPhone
		AppStore|iPhoneSimulator = AppStore|iPhoneSimulator
		AppStore|Mixed Platforms = AppStore|Mixed Platforms
		AppStore|x86 = AppStore|x86
		Debug|Any CPU = Debug|Any CPU
		Debug|ARM = Debug|ARM
		Debug|iPhone = Debug|iPhone
		Debug|iPhoneSimulator = Debug|iPhoneSimulator
		Debug|Mixed Platforms = Debug|Mixed Platforms
		Debug|x86 = Debug|x86
		Release|Any CPU = Release|Any CPU
		Release|ARM = Release|ARM
		Release|iPhone = Release|iPhone
		Release|iPhoneSimulator = Release|iPhoneSimulator
		Release|Mixed Platforms = Release|Mixed Platforms
		Release|x86 = Release|x86
	EndGlobalSection
	GlobalSection(ProjectConfigurationPlatforms) = postSolution
		{B2E8A37F-9FB1-44A5-99F0-B0BC0DADD05D}.Ad-Hoc|Any CPU.ActiveCfg = Release|Any CPU
		{B2E8A37F-9FB1-44A5-99F0-B0BC0DADD05D}.Ad-Hoc|Any CPU.Build.0 = Release|Any CPU
		{B2E8A37F-9FB1-44A5-99F0-B0BC0DADD05D}.Ad-Hoc|ARM.ActiveCfg = Release|Any CPU
		{B2E8A37F-9FB1-44A5-99F0-B0BC0DADD05D}.Ad-Hoc|iPhone.ActiveCfg = Release|Any CPU
		{B2E8A37F-9FB1-44A5-99F0-B0BC0DADD05D}.Ad-Hoc|iPhoneSimulator.ActiveCfg = Release|Any CPU
		{B2E8A37F-9FB1-44A5-99F0-B0BC0DADD05D}.Ad-Hoc|Mixed Platforms.ActiveCfg = Release|Any CPU
		{B2E8A37F-9FB1-44A5-99F0-B0BC0DADD05D}.Ad-Hoc|Mixed Platforms.Build.0 = Release|Any CPU
		{B2E8A37F-9FB1-44A5-99F0-B0BC0DADD05D}.Ad-Hoc|x86.ActiveCfg = Release|Any CPU
		{B2E8A37F-9FB1-44A5-99F0-B0BC0DADD05D}.AppStore|Any CPU.ActiveCfg = Release|Any CPU
		{B2E8A37F-9FB1-44A5-99F0-B0BC0DADD05D}.AppStore|Any CPU.Build.0 = Release|Any CPU
		{B2E8A37F-9FB1-44A5-99F0-B0BC0DADD05D}.AppStore|ARM.ActiveCfg = Release|Any CPU
		{B2E8A37F-9FB1-44A5-99F0-B0BC0DADD05D}.AppStore|iPhone.ActiveCfg = Release|Any CPU
		{B2E8A37F-9FB1-44A5-99F0-B0BC0DADD05D}.AppStore|iPhoneSimulator.ActiveCfg = Release|Any CPU
		{B2E8A37F-9FB1-44A5-99F0-B0BC0DADD05D}.AppStore|Mixed Platforms.ActiveCfg = Release|Any CPU
		{B2E8A37F-9FB1-44A5-99F0-B0BC0DADD05D}.AppStore|Mixed Platforms.Build.0 = Release|Any CPU
		{B2E8A37F-9FB1-44A5-99F0-B0BC0DADD05D}.AppStore|x86.ActiveCfg = Release|Any CPU
		{B2E8A37F-9FB1-44A5-99F0-B0BC0DADD05D}.Debug|Any CPU.ActiveCfg = Debug|Any CPU
		{B2E8A37F-9FB1-44A5-99F0-B0BC0DADD05D}.Debug|Any CPU.Build.0 = Debug|Any CPU
		{B2E8A37F-9FB1-44A5-99F0-B0BC0DADD05D}.Debug|ARM.ActiveCfg = Debug|Any CPU
		{B2E8A37F-9FB1-44A5-99F0-B0BC0DADD05D}.Debug|iPhone.ActiveCfg = Debug|Any CPU
		{B2E8A37F-9FB1-44A5-99F0-B0BC0DADD05D}.Debug|iPhoneSimulator.ActiveCfg = Debug|Any CPU
		{B2E8A37F-9FB1-44A5-99F0-B0BC0DADD05D}.Debug|Mixed Platforms.ActiveCfg = Debug|Any CPU
		{B2E8A37F-9FB1-44A5-99F0-B0BC0DADD05D}.Debug|Mixed Platforms.Build.0 = Debug|Any CPU
		{B2E8A37F-9FB1-44A5-99F0-B0BC0DADD05D}.Debug|x86.ActiveCfg = Debug|Any CPU
		{B2E8A37F-9FB1-44A5-99F0-B0BC0DADD05D}.Release|Any CPU.ActiveCfg = Release|Any CPU
		{B2E8A37F-9FB1-44A5-99F0-B0BC0DADD05D}.Release|Any CPU.Build.0 = Release|Any CPU
		{B2E8A37F-9FB1-44A5-99F0-B0BC0DADD05D}.Release|ARM.ActiveCfg = Release|Any CPU
		{B2E8A37F-9FB1-44A5-99F0-B0BC0DADD05D}.Release|iPhone.ActiveCfg = Release|Any CPU
		{B2E8A37F-9FB1-44A5-99F0-B0BC0DADD05D}.Release|iPhoneSimulator.ActiveCfg = Release|Any CPU
		{B2E8A37F-9FB1-44A5-99F0-B0BC0DADD05D}.Release|Mixed Platforms.ActiveCfg = Release|Any CPU
		{B2E8A37F-9FB1-44A5-99F0-B0BC0DADD05D}.Release|Mixed Platforms.Build.0 = Release|Any CPU
		{B2E8A37F-9FB1-44A5-99F0-B0BC0DADD05D}.Release|x86.ActiveCfg = Release|Any CPU
		{11CCBCC8-0F5E-4550-817C-600B59352AB9}.Ad-Hoc|Any CPU.ActiveCfg = Ad-Hoc|iPhone
		{11CCBCC8-0F5E-4550-817C-600B59352AB9}.Ad-Hoc|ARM.ActiveCfg = Ad-Hoc|iPhone
		{11CCBCC8-0F5E-4550-817C-600B59352AB9}.Ad-Hoc|iPhone.ActiveCfg = Ad-Hoc|iPhone
		{11CCBCC8-0F5E-4550-817C-600B59352AB9}.Ad-Hoc|iPhone.Build.0 = Ad-Hoc|iPhone
		{11CCBCC8-0F5E-4550-817C-600B59352AB9}.Ad-Hoc|iPhoneSimulator.ActiveCfg = Ad-Hoc|iPhoneSimulator
		{11CCBCC8-0F5E-4550-817C-600B59352AB9}.Ad-Hoc|iPhoneSimulator.Build.0 = Ad-Hoc|iPhoneSimulator
		{11CCBCC8-0F5E-4550-817C-600B59352AB9}.Ad-Hoc|Mixed Platforms.ActiveCfg = Ad-Hoc|iPhone
		{11CCBCC8-0F5E-4550-817C-600B59352AB9}.Ad-Hoc|Mixed Platforms.Build.0 = Ad-Hoc|iPhone
		{11CCBCC8-0F5E-4550-817C-600B59352AB9}.Ad-Hoc|x86.ActiveCfg = Ad-Hoc|iPhone
		{11CCBCC8-0F5E-4550-817C-600B59352AB9}.AppStore|Any CPU.ActiveCfg = AppStore|iPhone
		{11CCBCC8-0F5E-4550-817C-600B59352AB9}.AppStore|ARM.ActiveCfg = AppStore|iPhone
		{11CCBCC8-0F5E-4550-817C-600B59352AB9}.AppStore|iPhone.ActiveCfg = AppStore|iPhone
		{11CCBCC8-0F5E-4550-817C-600B59352AB9}.AppStore|iPhone.Build.0 = AppStore|iPhone
		{11CCBCC8-0F5E-4550-817C-600B59352AB9}.AppStore|iPhoneSimulator.ActiveCfg = AppStore|iPhoneSimulator
		{11CCBCC8-0F5E-4550-817C-600B59352AB9}.AppStore|iPhoneSimulator.Build.0 = AppStore|iPhoneSimulator
		{11CCBCC8-0F5E-4550-817C-600B59352AB9}.AppStore|Mixed Platforms.ActiveCfg = AppStore|iPhone
		{11CCBCC8-0F5E-4550-817C-600B59352AB9}.AppStore|Mixed Platforms.Build.0 = AppStore|iPhone
		{11CCBCC8-0F5E-4550-817C-600B59352AB9}.AppStore|x86.ActiveCfg = AppStore|iPhone
		{11CCBCC8-0F5E-4550-817C-600B59352AB9}.Debug|Any CPU.ActiveCfg = Debug|iPhone
		{11CCBCC8-0F5E-4550-817C-600B59352AB9}.Debug|ARM.ActiveCfg = Debug|iPhone
		{11CCBCC8-0F5E-4550-817C-600B59352AB9}.Debug|iPhone.ActiveCfg = Debug|iPhone
		{11CCBCC8-0F5E-4550-817C-600B59352AB9}.Debug|iPhone.Build.0 = Debug|iPhone
		{11CCBCC8-0F5E-4550-817C-600B59352AB9}.Debug|iPhoneSimulator.ActiveCfg = Debug|iPhoneSimulator
		{11CCBCC8-0F5E-4550-817C-600B59352AB9}.Debug|iPhoneSimulator.Build.0 = Debug|iPhoneSimulator
		{11CCBCC8-0F5E-4550-817C-600B59352AB9}.Debug|Mixed Platforms.ActiveCfg = Debug|iPhone
		{11CCBCC8-0F5E-4550-817C-600B59352AB9}.Debug|Mixed Platforms.Build.0 = Debug|iPhone
		{11CCBCC8-0F5E-4550-817C-600B59352AB9}.Debug|x86.ActiveCfg = Debug|iPhone
		{11CCBCC8-0F5E-4550-817C-600B59352AB9}.Release|Any CPU.ActiveCfg = Release|iPhone
		{11CCBCC8-0F5E-4550-817C-600B59352AB9}.Release|ARM.ActiveCfg = Release|iPhone
		{11CCBCC8-0F5E-4550-817C-600B59352AB9}.Release|iPhone.ActiveCfg = Release|iPhone
		{11CCBCC8-0F5E-4550-817C-600B59352AB9}.Release|iPhone.Build.0 = Release|iPhone
		{11CCBCC8-0F5E-4550-817C-600B59352AB9}.Release|iPhoneSimulator.ActiveCfg = Release|iPhoneSimulator
		{11CCBCC8-0F5E-4550-817C-600B59352AB9}.Release|iPhoneSimulator.Build.0 = Release|iPhoneSimulator
		{11CCBCC8-0F5E-4550-817C-600B59352AB9}.Release|Mixed Platforms.ActiveCfg = Release|iPhone
		{11CCBCC8-0F5E-4550-817C-600B59352AB9}.Release|Mixed Platforms.Build.0 = Release|iPhone
		{11CCBCC8-0F5E-4550-817C-600B59352AB9}.Release|x86.ActiveCfg = Release|iPhone
		{B1DDFB33-934F-43CC-A9F1-65E0D6FF3EF4}.Ad-Hoc|Any CPU.ActiveCfg = Release|Any CPU
		{B1DDFB33-934F-43CC-A9F1-65E0D6FF3EF4}.Ad-Hoc|Any CPU.Build.0 = Release|Any CPU
		{B1DDFB33-934F-43CC-A9F1-65E0D6FF3EF4}.Ad-Hoc|Any CPU.Deploy.0 = Release|Any CPU
		{B1DDFB33-934F-43CC-A9F1-65E0D6FF3EF4}.Ad-Hoc|ARM.ActiveCfg = Release|Any CPU
		{B1DDFB33-934F-43CC-A9F1-65E0D6FF3EF4}.Ad-Hoc|iPhone.ActiveCfg = Release|Any CPU
		{B1DDFB33-934F-43CC-A9F1-65E0D6FF3EF4}.Ad-Hoc|iPhoneSimulator.ActiveCfg = Release|Any CPU
		{B1DDFB33-934F-43CC-A9F1-65E0D6FF3EF4}.Ad-Hoc|Mixed Platforms.ActiveCfg = Release|Any CPU
		{B1DDFB33-934F-43CC-A9F1-65E0D6FF3EF4}.Ad-Hoc|Mixed Platforms.Build.0 = Release|Any CPU
		{B1DDFB33-934F-43CC-A9F1-65E0D6FF3EF4}.Ad-Hoc|Mixed Platforms.Deploy.0 = Release|Any CPU
		{B1DDFB33-934F-43CC-A9F1-65E0D6FF3EF4}.Ad-Hoc|x86.ActiveCfg = Release|Any CPU
		{B1DDFB33-934F-43CC-A9F1-65E0D6FF3EF4}.AppStore|Any CPU.ActiveCfg = Release|Any CPU
		{B1DDFB33-934F-43CC-A9F1-65E0D6FF3EF4}.AppStore|Any CPU.Build.0 = Release|Any CPU
		{B1DDFB33-934F-43CC-A9F1-65E0D6FF3EF4}.AppStore|Any CPU.Deploy.0 = Release|Any CPU
		{B1DDFB33-934F-43CC-A9F1-65E0D6FF3EF4}.AppStore|ARM.ActiveCfg = Release|Any CPU
		{B1DDFB33-934F-43CC-A9F1-65E0D6FF3EF4}.AppStore|iPhone.ActiveCfg = Release|Any CPU
		{B1DDFB33-934F-43CC-A9F1-65E0D6FF3EF4}.AppStore|iPhoneSimulator.ActiveCfg = Release|Any CPU
		{B1DDFB33-934F-43CC-A9F1-65E0D6FF3EF4}.AppStore|Mixed Platforms.ActiveCfg = Release|Any CPU
		{B1DDFB33-934F-43CC-A9F1-65E0D6FF3EF4}.AppStore|Mixed Platforms.Build.0 = Release|Any CPU
		{B1DDFB33-934F-43CC-A9F1-65E0D6FF3EF4}.AppStore|Mixed Platforms.Deploy.0 = Release|Any CPU
		{B1DDFB33-934F-43CC-A9F1-65E0D6FF3EF4}.AppStore|x86.ActiveCfg = Release|Any CPU
		{B1DDFB33-934F-43CC-A9F1-65E0D6FF3EF4}.Debug|Any CPU.ActiveCfg = Debug|Any CPU
		{B1DDFB33-934F-43CC-A9F1-65E0D6FF3EF4}.Debug|Any CPU.Build.0 = Debug|Any CPU
		{B1DDFB33-934F-43CC-A9F1-65E0D6FF3EF4}.Debug|Any CPU.Deploy.0 = Debug|Any CPU
		{B1DDFB33-934F-43CC-A9F1-65E0D6FF3EF4}.Debug|ARM.ActiveCfg = Debug|Any CPU
		{B1DDFB33-934F-43CC-A9F1-65E0D6FF3EF4}.Debug|iPhone.ActiveCfg = Debug|Any CPU
		{B1DDFB33-934F-43CC-A9F1-65E0D6FF3EF4}.Debug|iPhoneSimulator.ActiveCfg = Debug|Any CPU
		{B1DDFB33-934F-43CC-A9F1-65E0D6FF3EF4}.Debug|Mixed Platforms.ActiveCfg = Debug|Any CPU
		{B1DDFB33-934F-43CC-A9F1-65E0D6FF3EF4}.Debug|Mixed Platforms.Build.0 = Debug|Any CPU
		{B1DDFB33-934F-43CC-A9F1-65E0D6FF3EF4}.Debug|Mixed Platforms.Deploy.0 = Debug|Any CPU
		{B1DDFB33-934F-43CC-A9F1-65E0D6FF3EF4}.Debug|x86.ActiveCfg = Debug|Any CPU
		{B1DDFB33-934F-43CC-A9F1-65E0D6FF3EF4}.Release|Any CPU.ActiveCfg = Release|Any CPU
		{B1DDFB33-934F-43CC-A9F1-65E0D6FF3EF4}.Release|Any CPU.Build.0 = Release|Any CPU
		{B1DDFB33-934F-43CC-A9F1-65E0D6FF3EF4}.Release|Any CPU.Deploy.0 = Release|Any CPU
		{B1DDFB33-934F-43CC-A9F1-65E0D6FF3EF4}.Release|ARM.ActiveCfg = Release|Any CPU
		{B1DDFB33-934F-43CC-A9F1-65E0D6FF3EF4}.Release|iPhone.ActiveCfg = Release|Any CPU
		{B1DDFB33-934F-43CC-A9F1-65E0D6FF3EF4}.Release|iPhoneSimulator.ActiveCfg = Release|Any CPU
		{B1DDFB33-934F-43CC-A9F1-65E0D6FF3EF4}.Release|Mixed Platforms.ActiveCfg = Release|Any CPU
		{B1DDFB33-934F-43CC-A9F1-65E0D6FF3EF4}.Release|Mixed Platforms.Build.0 = Release|Any CPU
		{B1DDFB33-934F-43CC-A9F1-65E0D6FF3EF4}.Release|Mixed Platforms.Deploy.0 = Release|Any CPU
		{B1DDFB33-934F-43CC-A9F1-65E0D6FF3EF4}.Release|x86.ActiveCfg = Release|Any CPU
		{53079182-DD94-4DA9-B761-35ED64DC4287}.Ad-Hoc|Any CPU.ActiveCfg = Release|Any CPU
		{53079182-DD94-4DA9-B761-35ED64DC4287}.Ad-Hoc|Any CPU.Build.0 = Release|Any CPU
		{53079182-DD94-4DA9-B761-35ED64DC4287}.Ad-Hoc|Any CPU.Deploy.0 = Release|Any CPU
		{53079182-DD94-4DA9-B761-35ED64DC4287}.Ad-Hoc|ARM.ActiveCfg = Release|ARM
		{53079182-DD94-4DA9-B761-35ED64DC4287}.Ad-Hoc|ARM.Build.0 = Release|ARM
		{53079182-DD94-4DA9-B761-35ED64DC4287}.Ad-Hoc|ARM.Deploy.0 = Release|ARM
		{53079182-DD94-4DA9-B761-35ED64DC4287}.Ad-Hoc|iPhone.ActiveCfg = Release|Any CPU
		{53079182-DD94-4DA9-B761-35ED64DC4287}.Ad-Hoc|iPhoneSimulator.ActiveCfg = Release|Any CPU
		{53079182-DD94-4DA9-B761-35ED64DC4287}.Ad-Hoc|Mixed Platforms.ActiveCfg = Release|x86
		{53079182-DD94-4DA9-B761-35ED64DC4287}.Ad-Hoc|Mixed Platforms.Build.0 = Release|x86
		{53079182-DD94-4DA9-B761-35ED64DC4287}.Ad-Hoc|Mixed Platforms.Deploy.0 = Release|x86
		{53079182-DD94-4DA9-B761-35ED64DC4287}.Ad-Hoc|x86.ActiveCfg = Release|x86
		{53079182-DD94-4DA9-B761-35ED64DC4287}.Ad-Hoc|x86.Build.0 = Release|x86
		{53079182-DD94-4DA9-B761-35ED64DC4287}.Ad-Hoc|x86.Deploy.0 = Release|x86
		{53079182-DD94-4DA9-B761-35ED64DC4287}.AppStore|Any CPU.ActiveCfg = Release|Any CPU
		{53079182-DD94-4DA9-B761-35ED64DC4287}.AppStore|Any CPU.Build.0 = Release|Any CPU
		{53079182-DD94-4DA9-B761-35ED64DC4287}.AppStore|Any CPU.Deploy.0 = Release|Any CPU
		{53079182-DD94-4DA9-B761-35ED64DC4287}.AppStore|ARM.ActiveCfg = Release|ARM
		{53079182-DD94-4DA9-B761-35ED64DC4287}.AppStore|ARM.Build.0 = Release|ARM
		{53079182-DD94-4DA9-B761-35ED64DC4287}.AppStore|ARM.Deploy.0 = Release|ARM
		{53079182-DD94-4DA9-B761-35ED64DC4287}.AppStore|iPhone.ActiveCfg = Release|Any CPU
		{53079182-DD94-4DA9-B761-35ED64DC4287}.AppStore|iPhoneSimulator.ActiveCfg = Release|Any CPU
		{53079182-DD94-4DA9-B761-35ED64DC4287}.AppStore|Mixed Platforms.ActiveCfg = Release|x86
		{53079182-DD94-4DA9-B761-35ED64DC4287}.AppStore|Mixed Platforms.Build.0 = Release|x86
		{53079182-DD94-4DA9-B761-35ED64DC4287}.AppStore|Mixed Platforms.Deploy.0 = Release|x86
		{53079182-DD94-4DA9-B761-35ED64DC4287}.AppStore|x86.ActiveCfg = Release|x86
		{53079182-DD94-4DA9-B761-35ED64DC4287}.AppStore|x86.Build.0 = Release|x86
		{53079182-DD94-4DA9-B761-35ED64DC4287}.AppStore|x86.Deploy.0 = Release|x86
		{53079182-DD94-4DA9-B761-35ED64DC4287}.Debug|Any CPU.ActiveCfg = Debug|Any CPU
		{53079182-DD94-4DA9-B761-35ED64DC4287}.Debug|Any CPU.Build.0 = Debug|Any CPU
		{53079182-DD94-4DA9-B761-35ED64DC4287}.Debug|Any CPU.Deploy.0 = Debug|Any CPU
		{53079182-DD94-4DA9-B761-35ED64DC4287}.Debug|ARM.ActiveCfg = Debug|ARM
		{53079182-DD94-4DA9-B761-35ED64DC4287}.Debug|ARM.Build.0 = Debug|ARM
		{53079182-DD94-4DA9-B761-35ED64DC4287}.Debug|ARM.Deploy.0 = Debug|ARM
		{53079182-DD94-4DA9-B761-35ED64DC4287}.Debug|iPhone.ActiveCfg = Debug|Any CPU
		{53079182-DD94-4DA9-B761-35ED64DC4287}.Debug|iPhoneSimulator.ActiveCfg = Debug|Any CPU
		{53079182-DD94-4DA9-B761-35ED64DC4287}.Debug|Mixed Platforms.ActiveCfg = Debug|x86
		{53079182-DD94-4DA9-B761-35ED64DC4287}.Debug|Mixed Platforms.Build.0 = Debug|x86
		{53079182-DD94-4DA9-B761-35ED64DC4287}.Debug|Mixed Platforms.Deploy.0 = Debug|x86
		{53079182-DD94-4DA9-B761-35ED64DC4287}.Debug|x86.ActiveCfg = Debug|x86
		{53079182-DD94-4DA9-B761-35ED64DC4287}.Debug|x86.Build.0 = Debug|x86
		{53079182-DD94-4DA9-B761-35ED64DC4287}.Debug|x86.Deploy.0 = Debug|x86
		{53079182-DD94-4DA9-B761-35ED64DC4287}.Release|Any CPU.ActiveCfg = Release|Any CPU
		{53079182-DD94-4DA9-B761-35ED64DC4287}.Release|Any CPU.Build.0 = Release|Any CPU
		{53079182-DD94-4DA9-B761-35ED64DC4287}.Release|Any CPU.Deploy.0 = Release|Any CPU
		{53079182-DD94-4DA9-B761-35ED64DC4287}.Release|ARM.ActiveCfg = Release|ARM
		{53079182-DD94-4DA9-B761-35ED64DC4287}.Release|ARM.Build.0 = Release|ARM
		{53079182-DD94-4DA9-B761-35ED64DC4287}.Release|ARM.Deploy.0 = Release|ARM
		{53079182-DD94-4DA9-B761-35ED64DC4287}.Release|iPhone.ActiveCfg = Release|Any CPU
		{53079182-DD94-4DA9-B761-35ED64DC4287}.Release|iPhoneSimulator.ActiveCfg = Release|Any CPU
		{53079182-DD94-4DA9-B761-35ED64DC4287}.Release|Mixed Platforms.ActiveCfg = Release|x86
		{53079182-DD94-4DA9-B761-35ED64DC4287}.Release|Mixed Platforms.Build.0 = Release|x86
		{53079182-DD94-4DA9-B761-35ED64DC4287}.Release|Mixed Platforms.Deploy.0 = Release|x86
		{53079182-DD94-4DA9-B761-35ED64DC4287}.Release|x86.ActiveCfg = Release|x86
		{53079182-DD94-4DA9-B761-35ED64DC4287}.Release|x86.Build.0 = Release|x86
		{53079182-DD94-4DA9-B761-35ED64DC4287}.Release|x86.Deploy.0 = Release|x86
	EndGlobalSection
	GlobalSection(SolutionProperties) = preSolution
		HideSolutionNode = FALSE
	EndGlobalSection
EndGlobal
